
Microsoft Visual Studio Solution File, Format Version 12.00
# Visual Studio 2013
VisualStudioVersion = 12.0.40629.0
MinimumVisualStudioVersion = 10.0.40219.1
Project("{159641D6-6404-4A2A-AE62-294DE0FE8301}") = "DigitalBreath", "DigitalBreath\DigitalBreath.dtproj", "{1D5CFB2F-D9EF-4070-88F8-D4B68EAC5CD3}"
EndProject
Global
	GlobalSection(SolutionConfigurationPlatforms) = preSolution
		Development|Default = Development|Default
	EndGlobalSection
	GlobalSection(ProjectConfigurationPlatforms) = postSolution
		{1D5CFB2F-D9EF-4070-88F8-D4B68EAC5CD3}.Development|Default.ActiveCfg = Development
		{1D5CFB2F-D9EF-4070-88F8-D4B68EAC5CD3}.Development|Default.Build.0 = Development
	EndGlobalSection
	GlobalSection(SolutionProperties) = preSolution
		HideSolutionNode = FALSE
	EndGlobalSection
EndGlobal
