
Microsoft Visual Studio Solution File, Format Version 12.00
# Visual Studio 2013
VisualStudioVersion = 12.0.40629.0
MinimumVisualStudioVersion = 10.0.40219.1
Project("{D2ABAB84-BF74-430A-B69E-9DC6D40DDA17}") = "ProhgmenaCube", "ProhgmenaCube\ProhgmenaCube.dwproj", "{4267303D-5A6E-4DD0-9212-3019D73CADFA}"
EndProject
Global
	GlobalSection(SolutionConfigurationPlatforms) = preSolution
		Development|Default = Development|Default
	EndGlobalSection
	GlobalSection(ProjectConfigurationPlatforms) = postSolution
		{4267303D-5A6E-4DD0-9212-3019D73CADFA}.Development|Default.ActiveCfg = Development
		{4267303D-5A6E-4DD0-9212-3019D73CADFA}.Development|Default.Build.0 = Development
		{4267303D-5A6E-4DD0-9212-3019D73CADFA}.Development|Default.Deploy.0 = Development
	EndGlobalSection
	GlobalSection(SolutionProperties) = preSolution
		HideSolutionNode = FALSE
	EndGlobalSection
EndGlobal
